version = 1
revision = 3
requires-python = ">=3.10"

[[package]]
name = "patch-edit-env"
version = "0.1.0"
source = { editable = "." }
dependencies = [
  { name = "fastapi" },
  { name = "uvicorn" },
  { name = "httpx" },
  { name = "websockets" },
  { name = "pydantic" },
  { name = "openai" },
  { name = "openenv-core" },
]
